
Microsoft Visual Studio Solution File, Format Version 12.00
# Visual Studio Version 17
VisualStudioVersion = 17.4.33122.133
MinimumVisualStudioVersion = 10.0.40219.1
Project("{FAE04EC0-301F-11D3-BF4B-00C04F79EFBC}") = "Authentication.Backend.Domain", "Authentication.Backend.Domain\Authentication.Backend.Domain.csproj", "{19EAD3B2-2924-4DE7-A4FE-C6D1D16D0CA2}"
EndProject
Project("{FAE04EC0-301F-11D3-BF4B-00C04F79EFBC}") = "Authentication.Backend.Infrastructure.Data", "Authentication.Backend.Infrastructure.Data\Authentication.Backend.Infrastructure.Data.csproj", "{065A54F7-446D-49BD-8A68-A53BD3AD0A9F}"
EndProject
Project("{FAE04EC0-301F-11D3-BF4B-00C04F79EFBC}") = "Authentication.Backend.Aplications", "Authentication.Backend.Aplications\Authentication.Backend.Aplications.csproj", "{6DF2EC42-775A-4287-B2BF-1240DF1BDCDA}"
EndProject
Project("{FAE04EC0-301F-11D3-BF4B-00C04F79EFBC}") = "Authentication.Backend.Infrastructure.API", "Authentication.Backend.Infrastructure.API\Authentication.Backend.Infrastructure.API.csproj", "{70FDC154-A68A-4B76-BA1E-FCB176A01947}"
EndProject
Project("{FAE04EC0-301F-11D3-BF4B-00C04F79EFBC}") = "Authentication.Backend.Utils", "Authentication.Backend.Utils\Authentication.Backend.Utils.csproj", "{FF50A0A0-43B5-4A59-99EF-118FD27BC8B9}"
EndProject
Global
	GlobalSection(SolutionConfigurationPlatforms) = preSolution
		Debug|Any CPU = Debug|Any CPU
		Release|Any CPU = Release|Any CPU
	EndGlobalSection
	GlobalSection(ProjectConfigurationPlatforms) = postSolution
		{19EAD3B2-2924-4DE7-A4FE-C6D1D16D0CA2}.Debug|Any CPU.ActiveCfg = Debug|Any CPU
		{19EAD3B2-2924-4DE7-A4FE-C6D1D16D0CA2}.Debug|Any CPU.Build.0 = Debug|Any CPU
		{19EAD3B2-2924-4DE7-A4FE-C6D1D16D0CA2}.Release|Any CPU.ActiveCfg = Release|Any CPU
		{19EAD3B2-2924-4DE7-A4FE-C6D1D16D0CA2}.Release|Any CPU.Build.0 = Release|Any CPU
		{065A54F7-446D-49BD-8A68-A53BD3AD0A9F}.Debug|Any CPU.ActiveCfg = Debug|Any CPU
		{065A54F7-446D-49BD-8A68-A53BD3AD0A9F}.Debug|Any CPU.Build.0 = Debug|Any CPU
		{065A54F7-446D-49BD-8A68-A53BD3AD0A9F}.Release|Any CPU.ActiveCfg = Release|Any CPU
		{065A54F7-446D-49BD-8A68-A53BD3AD0A9F}.Release|Any CPU.Build.0 = Release|Any CPU
		{6DF2EC42-775A-4287-B2BF-1240DF1BDCDA}.Debug|Any CPU.ActiveCfg = Debug|Any CPU
		{6DF2EC42-775A-4287-B2BF-1240DF1BDCDA}.Debug|Any CPU.Build.0 = Debug|Any CPU
		{6DF2EC42-775A-4287-B2BF-1240DF1BDCDA}.Release|Any CPU.ActiveCfg = Release|Any CPU
		{6DF2EC42-775A-4287-B2BF-1240DF1BDCDA}.Release|Any CPU.Build.0 = Release|Any CPU
		{70FDC154-A68A-4B76-BA1E-FCB176A01947}.Debug|Any CPU.ActiveCfg = Debug|Any CPU
		{70FDC154-A68A-4B76-BA1E-FCB176A01947}.Debug|Any CPU.Build.0 = Debug|Any CPU
		{70FDC154-A68A-4B76-BA1E-FCB176A01947}.Release|Any CPU.ActiveCfg = Release|Any CPU
		{70FDC154-A68A-4B76-BA1E-FCB176A01947}.Release|Any CPU.Build.0 = Release|Any CPU
		{FF50A0A0-43B5-4A59-99EF-118FD27BC8B9}.Debug|Any CPU.ActiveCfg = Debug|Any CPU
		{FF50A0A0-43B5-4A59-99EF-118FD27BC8B9}.Debug|Any CPU.Build.0 = Debug|Any CPU
		{FF50A0A0-43B5-4A59-99EF-118FD27BC8B9}.Release|Any CPU.ActiveCfg = Release|Any CPU
		{FF50A0A0-43B5-4A59-99EF-118FD27BC8B9}.Release|Any CPU.Build.0 = Release|Any CPU
	EndGlobalSection
	GlobalSection(SolutionProperties) = preSolution
		HideSolutionNode = FALSE
	EndGlobalSection
	GlobalSection(ExtensibilityGlobals) = postSolution
		SolutionGuid = {BFF0CDB2-3692-41F3-B544-BE5B3D33806C}
	EndGlobalSection
EndGlobal
